
Microsoft Visual Studio Solution File, Format Version 12.00
# Visual Studio 15
VisualStudioVersion = 15.0.27130.2010
MinimumVisualStudioVersion = 10.0.40219.1
Project("{888888A0-9F3D-457C-B088-3A5042F75D52}") = "stockLearning", "stockLearning\stockLearning.pyproj", "{980EDFAE-C481-4A46-AB24-B08039206B14}"
EndProject
Global
	GlobalSection(SolutionConfigurationPlatforms) = preSolution
		Debug|Any CPU = Debug|Any CPU
		Release|Any CPU = Release|Any CPU
	EndGlobalSection
	GlobalSection(ProjectConfigurationPlatforms) = postSolution
		{980EDFAE-C481-4A46-AB24-B08039206B14}.Debug|Any CPU.ActiveCfg = Debug|Any CPU
		{980EDFAE-C481-4A46-AB24-B08039206B14}.Release|Any CPU.ActiveCfg = Release|Any CPU
	EndGlobalSection
	GlobalSection(SolutionProperties) = preSolution
		HideSolutionNode = FALSE
	EndGlobalSection
	GlobalSection(ExtensibilityGlobals) = postSolution
		SolutionGuid = {578481ED-07FA-485F-A62A-B5464C9236F7}
	EndGlobalSection
EndGlobal
